{
  "name": "obsidian-inbox",
  "lockfileVersion": 2,
  "requires": true,
  "packages": {
    "": {
      "dependencies": {
        "typescript": "^5.0.4"
      },
      "devDependencies": {
        "obsidian": "^0.12.0"
      }
    },
    "node_modules/@types/codemirror": {
      "version": "0.0.108",
      "resolved": "https://registry.npmjs.org/@types/codemirror/-/codemirror-0.0.108.tgz",
      "integrity": "sha512-3FGFcus0P7C2UOGCNUVENqObEb4SFk+S8Dnxq7K6aIsLVs/vDtlangl3PEO0ykaKXyK56swVF6Nho7VsA44uhw==",
      "dev": true,
      "dependencies": {
        "@types/tern": "*"
      }
    },
    "node_modules/@types/estree": {
      "version": "1.0.0",
      "resolved": "https://registry.npmjs.org/@types/estree/-/estree-1.0.0.tgz",
      "integrity": "sha512-WulqXMDUTYAXCjZnk6JtIHPigp55cVtDgDrO2gHRwhyJto21+1zbVCtOYB2L1F9w4qCQ0rOGWBnBe0FNTiEJIQ==",
      "dev": true
    },
    "node_modules/@types/tern": {
      "version": "0.23.4",
      "resolved": "https://registry.npmjs.org/@types/tern/-/tern-0.23.4.tgz",
      "integrity": "sha512-JAUw1iXGO1qaWwEOzxTKJZ/5JxVeON9kvGZ/osgZaJImBnyjyn0cjovPsf6FNLmyGY8Vw9DoXZCMlfMkMwHRWg==",
      "dev": true,
      "dependencies": {
        "@types/estree": "*"
      }
    },
    "node_modules/moment": {
      "version": "2.29.1",
      "resolved": "https://registry.npmjs.org/moment/-/moment-2.29.1.tgz",
      "integrity": "sha512-kHmoybcPV8Sqy59DwNDY3Jefr64lK/by/da0ViFcuA4DH0vQg5Q6Ze5VimxkfQNSC+Mls/Kx53s7TjP1RhFEDQ==",
      "dev": true,
      "engines": {
        "node": "*"
      }
    },
    "node_modules/obsidian": {
      "version": "0.12.17",
      "resolved": "https://registry.npmjs.org/obsidian/-/obsidian-0.12.17.tgz",
      "integrity": "sha512-YvCAlRym9D8zNPXt6Ez8QubSTVGoChx6lb58zqI13Dcrz3l1lgUO+pcOGDiD5Qa67nzDZLXo3aV2rqkCCpTvGQ==",
      "dev": true,
      "dependencies": {
        "@types/codemirror": "0.0.108",
        "moment": "2.29.1"
      }
    },
    "node_modules/typescript": {
      "version": "5.0.4",
      "resolved": "https://registry.npmjs.org/typescript/-/typescript-5.0.4.tgz",
      "integrity": "sha512-cW9T5W9xY37cc+jfEnaUvX91foxtHkza3Nw3wkoF4sSlKn0MONdkdEndig/qPBWXNkmplh3NzayQzCiHM4/hqw==",
      "bin": {
        "tsc": "bin/tsc",
        "tsserver": "bin/tsserver"
      },
      "engines": {
        "node": ">=12.20"
      }
    }
  },
  "dependencies": {
    "@types/codemirror": {
      "version": "0.0.108",
      "resolved": "https://registry.npmjs.org/@types/codemirror/-/codemirror-0.0.108.tgz",
      "integrity": "sha512-3FGFcus0P7C2UOGCNUVENqObEb4SFk+S8Dnxq7K6aIsLVs/vDtlangl3PEO0ykaKXyK56swVF6Nho7VsA44uhw==",
      "dev": true,
      "requires": {
        "@types/tern": "*"
      }
    },
    "@types/estree": {
      "version": "1.0.0",
      "resolved": "https://registry.npmjs.org/@types/estree/-/estree-1.0.0.tgz",
      "integrity": "sha512-WulqXMDUTYAXCjZnk6JtIHPigp55cVtDgDrO2gHRwhyJto21+1zbVCtOYB2L1F9w4qCQ0rOGWBnBe0FNTiEJIQ==",
      "dev": true
    },
    "@types/tern": {
      "version": "0.23.4",
      "resolved": "https://registry.npmjs.org/@types/tern/-/tern-0.23.4.tgz",
      "integrity": "sha512-JAUw1iXGO1qaWwEOzxTKJZ/5JxVeON9kvGZ/osgZaJImBnyjyn0cjovPsf6FNLmyGY8Vw9DoXZCMlfMkMwHRWg==",
      "dev": true,
      "requires": {
        "@types/estree": "*"
      }
    },
    "moment": {
      "version": "2.29.1",
      "resolved": "https://registry.npmjs.org/moment/-/moment-2.29.1.tgz",
      "integrity": "sha512-kHmoybcPV8Sqy59DwNDY3Jefr64lK/by/da0ViFcuA4DH0vQg5Q6Ze5VimxkfQNSC+Mls/Kx53s7TjP1RhFEDQ==",
      "dev": true
    },
    "obsidian": {
      "version": "0.12.17",
      "resolved": "https://registry.npmjs.org/obsidian/-/obsidian-0.12.17.tgz",
      "integrity": "sha512-YvCAlRym9D8zNPXt6Ez8QubSTVGoChx6lb58zqI13Dcrz3l1lgUO+pcOGDiD5Qa67nzDZLXo3aV2rqkCCpTvGQ==",
      "dev": true,
      "requires": {
        "@types/codemirror": "0.0.108",
        "moment": "2.29.1"
      }
    },
    "typescript": {
      "version": "5.0.4",
      "resolved": "https://registry.npmjs.org/typescript/-/typescript-5.0.4.tgz",
      "integrity": "sha512-cW9T5W9xY37cc+jfEnaUvX91foxtHkza3Nw3wkoF4sSlKn0MONdkdEndig/qPBWXNkmplh3NzayQzCiHM4/hqw=="
    }
  }
}
