# THIS IS AN AUTOGENERATED FILE. DO NOT EDIT THIS FILE DIRECTLY.
# yarn lockfile v1


"@types/codemirror@0.0.108":
  "integrity" "sha512-3FGFcus0P7C2UOGCNUVENqObEb4SFk+S8Dnxq7K6aIsLVs/vDtlangl3PEO0ykaKXyK56swVF6Nho7VsA44uhw=="
  "resolved" "https://registry.npmjs.org/@types/codemirror/-/codemirror-0.0.108.tgz"
  "version" "0.0.108"
  dependencies:
    "@types/tern" "*"

"@types/estree@*":
  "integrity" "sha512-WulqXMDUTYAXCjZnk6JtIHPigp55cVtDgDrO2gHRwhyJto21+1zbVCtOYB2L1F9w4qCQ0rOGWBnBe0FNTiEJIQ=="
  "resolved" "https://registry.npmjs.org/@types/estree/-/estree-1.0.0.tgz"
  "version" "1.0.0"

"@types/tern@*":
  "integrity" "sha512-JAUw1iXGO1qaWwEOzxTKJZ/5JxVeON9kvGZ/osgZaJImBnyjyn0cjovPsf6FNLmyGY8Vw9DoXZCMlfMkMwHRWg=="
  "resolved" "https://registry.npmjs.org/@types/tern/-/tern-0.23.4.tgz"
  "version" "0.23.4"
  dependencies:
    "@types/estree" "*"

"moment@2.29.1":
  "integrity" "sha512-kHmoybcPV8Sqy59DwNDY3Jefr64lK/by/da0ViFcuA4DH0vQg5Q6Ze5VimxkfQNSC+Mls/Kx53s7TjP1RhFEDQ=="
  "resolved" "https://registry.npmjs.org/moment/-/moment-2.29.1.tgz"
  "version" "2.29.1"

"obsidian@^0.12.0":
  "integrity" "sha512-YvCAlRym9D8zNPXt6Ez8QubSTVGoChx6lb58zqI13Dcrz3l1lgUO+pcOGDiD5Qa67nzDZLXo3aV2rqkCCpTvGQ=="
  "resolved" "https://registry.npmjs.org/obsidian/-/obsidian-0.12.17.tgz"
  "version" "0.12.17"
  dependencies:
    "@types/codemirror" "0.0.108"
    "moment" "2.29.1"

"typescript@^5.0.4":
  "integrity" "sha512-cW9T5W9xY37cc+jfEnaUvX91foxtHkza3Nw3wkoF4sSlKn0MONdkdEndig/qPBWXNkmplh3NzayQzCiHM4/hqw=="
  "resolved" "https://registry.npmjs.org/typescript/-/typescript-5.0.4.tgz"
  "version" "5.0.4"
